
Microsoft Visual Studio Solution File, Format Version 12.00
# Visual Studio Version 16
VisualStudioVersion = 16.0.28803.452
MinimumVisualStudioVersion = 10.0.40219.1
Project("{FAE04EC0-301F-11D3-BF4B-00C04F79EFBC}") = "EntitiesEnums", "EntitiesEnums\EntitiesEnums.csproj", "{DF0F207E-4342-45FD-B892-10C2089C4B38}"
EndProject
Global
	GlobalSection(SolutionConfigurationPlatforms) = preSolution
		Debug|Any CPU = Debug|Any CPU
		Release|Any CPU = Release|Any CPU
	EndGlobalSection
	GlobalSection(ProjectConfigurationPlatforms) = postSolution
		{DF0F207E-4342-45FD-B892-10C2089C4B38}.Debug|Any CPU.ActiveCfg = Debug|Any CPU
		{DF0F207E-4342-45FD-B892-10C2089C4B38}.Debug|Any CPU.Build.0 = Debug|Any CPU
		{DF0F207E-4342-45FD-B892-10C2089C4B38}.Release|Any CPU.ActiveCfg = Release|Any CPU
		{DF0F207E-4342-45FD-B892-10C2089C4B38}.Release|Any CPU.Build.0 = Release|Any CPU
	EndGlobalSection
	GlobalSection(SolutionProperties) = preSolution
		HideSolutionNode = FALSE
	EndGlobalSection
	GlobalSection(ExtensibilityGlobals) = postSolution
		SolutionGuid = {63C3E8EB-66A8-42F4-8CBC-74837AD9E66C}
	EndGlobalSection
EndGlobal
