
Microsoft Visual Studio Solution File, Format Version 12.00
# Visual Studio Version 16
VisualStudioVersion = 16.0.28803.452
MinimumVisualStudioVersion = 10.0.40219.1
Project("{FAE04EC0-301F-11D3-BF4B-00C04F79EFBC}") = "Requests", "Requests\Requests.csproj", "{C943CDC9-D16F-428D-802C-23C6B6F81D31}"
EndProject
Global
	GlobalSection(SolutionConfigurationPlatforms) = preSolution
		Debug|Any CPU = Debug|Any CPU
		Release|Any CPU = Release|Any CPU
	EndGlobalSection
	GlobalSection(ProjectConfigurationPlatforms) = postSolution
		{C943CDC9-D16F-428D-802C-23C6B6F81D31}.Debug|Any CPU.ActiveCfg = Debug|Any CPU
		{C943CDC9-D16F-428D-802C-23C6B6F81D31}.Debug|Any CPU.Build.0 = Debug|Any CPU
		{C943CDC9-D16F-428D-802C-23C6B6F81D31}.Release|Any CPU.ActiveCfg = Release|Any CPU
		{C943CDC9-D16F-428D-802C-23C6B6F81D31}.Release|Any CPU.Build.0 = Release|Any CPU
	EndGlobalSection
	GlobalSection(SolutionProperties) = preSolution
		HideSolutionNode = FALSE
	EndGlobalSection
	GlobalSection(ExtensibilityGlobals) = postSolution
		SolutionGuid = {B8896434-B4B2-45C8-9751-8BEB47180864}
	EndGlobalSection
EndGlobal
