
Microsoft Visual Studio Solution File, Format Version 12.00
# Visual Studio Version 16
VisualStudioVersion = 16.0.28922.388
MinimumVisualStudioVersion = 10.0.40219.1
Project("{FAE04EC0-301F-11D3-BF4B-00C04F79EFBC}") = "ExNullable", "ExNullable.csproj", "{6442A277-7820-4B8C-AE60-82C9BCBC544A}"
EndProject
Global
	GlobalSection(SolutionConfigurationPlatforms) = preSolution
		Debug|Any CPU = Debug|Any CPU
		Release|Any CPU = Release|Any CPU
	EndGlobalSection
	GlobalSection(ProjectConfigurationPlatforms) = postSolution
		{6442A277-7820-4B8C-AE60-82C9BCBC544A}.Debug|Any CPU.ActiveCfg = Debug|Any CPU
		{6442A277-7820-4B8C-AE60-82C9BCBC544A}.Debug|Any CPU.Build.0 = Debug|Any CPU
		{6442A277-7820-4B8C-AE60-82C9BCBC544A}.Release|Any CPU.ActiveCfg = Release|Any CPU
		{6442A277-7820-4B8C-AE60-82C9BCBC544A}.Release|Any CPU.Build.0 = Release|Any CPU
	EndGlobalSection
	GlobalSection(SolutionProperties) = preSolution
		HideSolutionNode = FALSE
	EndGlobalSection
	GlobalSection(ExtensibilityGlobals) = postSolution
		SolutionGuid = {551579F7-2F09-4C34-9A64-452D47865CAA}
	EndGlobalSection
EndGlobal
