
Microsoft Visual Studio Solution File, Format Version 12.00
# Visual Studio Version 16
VisualStudioVersion = 16.0.28922.388
MinimumVisualStudioVersion = 10.0.40219.1
Project("{FAE04EC0-301F-11D3-BF4B-00C04F79EFBC}") = "testes", "testes.csproj", "{47AD49F6-202D-4EE5-A443-4C133C46DE55}"
EndProject
Global
	GlobalSection(SolutionConfigurationPlatforms) = preSolution
		Debug|Any CPU = Debug|Any CPU
		Release|Any CPU = Release|Any CPU
	EndGlobalSection
	GlobalSection(ProjectConfigurationPlatforms) = postSolution
		{47AD49F6-202D-4EE5-A443-4C133C46DE55}.Debug|Any CPU.ActiveCfg = Debug|Any CPU
		{47AD49F6-202D-4EE5-A443-4C133C46DE55}.Debug|Any CPU.Build.0 = Debug|Any CPU
		{47AD49F6-202D-4EE5-A443-4C133C46DE55}.Release|Any CPU.ActiveCfg = Release|Any CPU
		{47AD49F6-202D-4EE5-A443-4C133C46DE55}.Release|Any CPU.Build.0 = Release|Any CPU
	EndGlobalSection
	GlobalSection(SolutionProperties) = preSolution
		HideSolutionNode = FALSE
	EndGlobalSection
	GlobalSection(ExtensibilityGlobals) = postSolution
		SolutionGuid = {8309C503-F6FE-4BA9-A64C-E42A3C6BE435}
	EndGlobalSection
EndGlobal
