
Microsoft Visual Studio Solution File, Format Version 12.00
# Visual Studio Version 16
VisualStudioVersion = 16.0.29025.244
MinimumVisualStudioVersion = 10.0.40219.1
Project("{FAE04EC0-301F-11D3-BF4B-00C04F79EFBC}") = "ContratosFuncionario", "ContratosFuncionario.csproj", "{9E48907F-0A17-4BFE-8BAE-E23D881EBC69}"
EndProject
Global
	GlobalSection(SolutionConfigurationPlatforms) = preSolution
		Debug|Any CPU = Debug|Any CPU
		Release|Any CPU = Release|Any CPU
	EndGlobalSection
	GlobalSection(ProjectConfigurationPlatforms) = postSolution
		{9E48907F-0A17-4BFE-8BAE-E23D881EBC69}.Debug|Any CPU.ActiveCfg = Debug|Any CPU
		{9E48907F-0A17-4BFE-8BAE-E23D881EBC69}.Debug|Any CPU.Build.0 = Debug|Any CPU
		{9E48907F-0A17-4BFE-8BAE-E23D881EBC69}.Release|Any CPU.ActiveCfg = Release|Any CPU
		{9E48907F-0A17-4BFE-8BAE-E23D881EBC69}.Release|Any CPU.Build.0 = Release|Any CPU
	EndGlobalSection
	GlobalSection(SolutionProperties) = preSolution
		HideSolutionNode = FALSE
	EndGlobalSection
	GlobalSection(ExtensibilityGlobals) = postSolution
		SolutionGuid = {3CEABD28-BAB4-47E2-B808-D1E6E8857B9E}
	EndGlobalSection
EndGlobal
